
Microsoft Visual Studio Solution File, Format Version 12.00
# Visual Studio Version 17
VisualStudioVersion = 17.1.32319.34
MinimumVisualStudioVersion = 10.0.40219.1
Project("{9A19103F-16F7-4668-BE54-9A1E7A4F7556}") = "Rpg.Core", "Rpg.Core\Rpg.Core.csproj", "{0DEF7052-E713-4DEA-BD40-5CDC5BDB9B62}"
EndProject
Project("{9A19103F-16F7-4668-BE54-9A1E7A4F7556}") = "Rpg.Data", "Rpg.Data\Rpg.Data.csproj", "{6A38A389-36D3-48A4-AA47-9961055DCF13}"
EndProject
Project("{9A19103F-16F7-4668-BE54-9A1E7A4F7556}") = "Rpg.Api", "Rpg.Api\Rpg.Api.csproj", "{A1891421-E7F6-4C20-902B-3A08DB75D079}"
EndProject
Project("{9A19103F-16F7-4668-BE54-9A1E7A4F7556}") = "Rpg.Application", "Rpg.Application\Rpg.Application.csproj", "{53203AB2-8CA4-4A21-A1A8-CF0CE81A0B06}"
EndProject
Project("{FAE04EC0-301F-11D3-BF4B-00C04F79EFBC}") = "Rpg.Tests", "Rpg.Tests\Rpg.Tests.csproj", "{AD71718D-A43D-4AA8-BD0D-EB421C7C5684}"
EndProject
Global
	GlobalSection(SolutionConfigurationPlatforms) = preSolution
		Debug|Any CPU = Debug|Any CPU
		Release|Any CPU = Release|Any CPU
	EndGlobalSection
	GlobalSection(ProjectConfigurationPlatforms) = postSolution
		{0DEF7052-E713-4DEA-BD40-5CDC5BDB9B62}.Debug|Any CPU.ActiveCfg = Debug|Any CPU
		{0DEF7052-E713-4DEA-BD40-5CDC5BDB9B62}.Debug|Any CPU.Build.0 = Debug|Any CPU
		{0DEF7052-E713-4DEA-BD40-5CDC5BDB9B62}.Release|Any CPU.ActiveCfg = Release|Any CPU
		{0DEF7052-E713-4DEA-BD40-5CDC5BDB9B62}.Release|Any CPU.Build.0 = Release|Any CPU
		{6A38A389-36D3-48A4-AA47-9961055DCF13}.Debug|Any CPU.ActiveCfg = Debug|Any CPU
		{6A38A389-36D3-48A4-AA47-9961055DCF13}.Debug|Any CPU.Build.0 = Debug|Any CPU
		{6A38A389-36D3-48A4-AA47-9961055DCF13}.Release|Any CPU.ActiveCfg = Release|Any CPU
		{6A38A389-36D3-48A4-AA47-9961055DCF13}.Release|Any CPU.Build.0 = Release|Any CPU
		{A1891421-E7F6-4C20-902B-3A08DB75D079}.Debug|Any CPU.ActiveCfg = Debug|Any CPU
		{A1891421-E7F6-4C20-902B-3A08DB75D079}.Debug|Any CPU.Build.0 = Debug|Any CPU
		{A1891421-E7F6-4C20-902B-3A08DB75D079}.Release|Any CPU.ActiveCfg = Release|Any CPU
		{A1891421-E7F6-4C20-902B-3A08DB75D079}.Release|Any CPU.Build.0 = Release|Any CPU
		{53203AB2-8CA4-4A21-A1A8-CF0CE81A0B06}.Debug|Any CPU.ActiveCfg = Debug|Any CPU
		{53203AB2-8CA4-4A21-A1A8-CF0CE81A0B06}.Debug|Any CPU.Build.0 = Debug|Any CPU
		{53203AB2-8CA4-4A21-A1A8-CF0CE81A0B06}.Release|Any CPU.ActiveCfg = Release|Any CPU
		{53203AB2-8CA4-4A21-A1A8-CF0CE81A0B06}.Release|Any CPU.Build.0 = Release|Any CPU
		{AD71718D-A43D-4AA8-BD0D-EB421C7C5684}.Debug|Any CPU.ActiveCfg = Debug|Any CPU
		{AD71718D-A43D-4AA8-BD0D-EB421C7C5684}.Debug|Any CPU.Build.0 = Debug|Any CPU
		{AD71718D-A43D-4AA8-BD0D-EB421C7C5684}.Release|Any CPU.ActiveCfg = Release|Any CPU
		{AD71718D-A43D-4AA8-BD0D-EB421C7C5684}.Release|Any CPU.Build.0 = Release|Any CPU
	EndGlobalSection
	GlobalSection(SolutionProperties) = preSolution
		HideSolutionNode = FALSE
	EndGlobalSection
	GlobalSection(ExtensibilityGlobals) = postSolution
		SolutionGuid = {14ED9122-49B4-4E06-98C4-58B595A136E4}
	EndGlobalSection
EndGlobal
